// !$*UTF8*$!
{
	archiveVersion = 1;
	classes = {
	};
	objectVersion = 50;
	objects = {

/* Begin PBXBuildFile section */
		6243A0BE25A1663700F0C938 /* ECIndicator.m in Sources */ = {isa = PBXBuildFile; fileRef = 6243A0BD25A1663700F0C938 /* ECIndicator.m */; };
		6243A0C325A1671E00F0C938 /* ECIndicatorCollectionViewCell.m in Sources */ = {isa = PBXBuildFile; fileRef = 6243A0C125A1671E00F0C938 /* ECIndicatorCollectionViewCell.m */; };
		6243A0C425A1671E00F0C938 /* ECIndicatorCollectionViewCell.xib in Resources */ = {isa = PBXBuildFile; fileRef = 6243A0C225A1671E00F0C938 /* ECIndicatorCollectionViewCell.xib */; };
		626CD75125A0454B0057180E /* AppDelegate.m in Sources */ = {isa = PBXBuildFile; fileRef = 626CD75025A0454B0057180E /* AppDelegate.m */; };
		626CD75425A0454B0057180E /* SceneDelegate.m in Sources */ = {isa = PBXBuildFile; fileRef = 626CD75325A0454B0057180E /* SceneDelegate.m */; };
		626CD75725A0454B0057180E /* ViewController.m in Sources */ = {isa = PBXBuildFile; fileRef = 626CD75625A0454B0057180E /* ViewController.m */; };
		626CD75A25A0454B0057180E /* Main.storyboard in Resources */ = {isa = PBXBuildFile; fileRef = 626CD75825A0454B0057180E /* Main.storyboard */; };
		626CD75C25A0454E0057180E /* Assets.xcassets in Resources */ = {isa = PBXBuildFile; fileRef = 626CD75B25A0454E0057180E /* Assets.xcassets */; };
		626CD75F25A0454E0057180E /* LaunchScreen.storyboard in Resources */ = {isa = PBXBuildFile; fileRef = 626CD75D25A0454E0057180E /* LaunchScreen.storyboard */; };
		626CD76225A0454E0057180E /* main.m in Sources */ = {isa = PBXBuildFile; fileRef = 626CD76125A0454E0057180E /* main.m */; };
		626CD76C25A045AD0057180E /* ECViewPagerView.m in Sources */ = {isa = PBXBuildFile; fileRef = 626CD76B25A045AD0057180E /* ECViewPagerView.m */; };
		62B472BA25A05894003CD738 /* ContentViewController.m in Sources */ = {isa = PBXBuildFile; fileRef = 62B472B825A05894003CD738 /* ContentViewController.m */; };
		62B472BB25A05894003CD738 /* ContentViewController.xib in Resources */ = {isa = PBXBuildFile; fileRef = 62B472B925A05894003CD738 /* ContentViewController.xib */; };
/* End PBXBuildFile section */

/* Begin PBXFileReference section */
		6243A0BC25A1663700F0C938 /* ECIndicator.h */ = {isa = PBXFileReference; lastKnownFileType = sourcecode.c.h; path = ECIndicator.h; sourceTree = "<group>"; };
		6243A0BD25A1663700F0C938 /* ECIndicator.m */ = {isa = PBXFileReference; lastKnownFileType = sourcecode.c.objc; path = ECIndicator.m; sourceTree = "<group>"; };
		6243A0C025A1671E00F0C938 /* ECIndicatorCollectionViewCell.h */ = {isa = PBXFileReference; lastKnownFileType = sourcecode.c.h; path = ECIndicatorCollectionViewCell.h; sourceTree = "<group>"; };
		6243A0C125A1671E00F0C938 /* ECIndicatorCollectionViewCell.m */ = {isa = PBXFileReference; lastKnownFileType = sourcecode.c.objc; path = ECIndicatorCollectionViewCell.m; sourceTree = "<group>"; };
		6243A0C225A1671E00F0C938 /* ECIndicatorCollectionViewCell.xib */ = {isa = PBXFileReference; lastKnownFileType = file.xib; path = ECIndicatorCollectionViewCell.xib; sourceTree = "<group>"; };
		626CD74C25A0454B0057180E /* ViewPager.app */ = {isa = PBXFileReference; explicitFileType = wrapper.application; includeInIndex = 0; path = ViewPager.app; sourceTree = BUILT_PRODUCTS_DIR; };
		626CD74F25A0454B0057180E /* AppDelegate.h */ = {isa = PBXFileReference; lastKnownFileType = sourcecode.c.h; path = AppDelegate.h; sourceTree = "<group>"; };
		626CD75025A0454B0057180E /* AppDelegate.m */ = {isa = PBXFileReference; lastKnownFileType = sourcecode.c.objc; path = AppDelegate.m; sourceTree = "<group>"; };
		626CD75225A0454B0057180E /* SceneDelegate.h */ = {isa = PBXFileReference; lastKnownFileType = sourcecode.c.h; path = SceneDelegate.h; sourceTree = "<group>"; };
		626CD75325A0454B0057180E /* SceneDelegate.m */ = {isa = PBXFileReference; lastKnownFileType = sourcecode.c.objc; path = SceneDelegate.m; sourceTree = "<group>"; };
		626CD75525A0454B0057180E /* ViewController.h */ = {isa = PBXFileReference; lastKnownFileType = sourcecode.c.h; path = ViewController.h; sourceTree = "<group>"; };
		626CD75625A0454B0057180E /* ViewController.m */ = {isa = PBXFileReference; lastKnownFileType = sourcecode.c.objc; path = ViewController.m; sourceTree = "<group>"; };
		626CD75925A0454B0057180E /* Base */ = {isa = PBXFileReference; lastKnownFileType = file.storyboard; name = Base; path = Base.lproj/Main.storyboard; sourceTree = "<group>"; };
		626CD75B25A0454E0057180E /* Assets.xcassets */ = {isa = PBXFileReference; lastKnownFileType = folder.assetcatalog; path = Assets.xcassets; sourceTree = "<group>"; };
		626CD75E25A0454E0057180E /* Base */ = {isa = PBXFileReference; lastKnownFileType = file.storyboard; name = Base; path = Base.lproj/LaunchScreen.storyboard; sourceTree = "<group>"; };
		626CD76025A0454E0057180E /* Info.plist */ = {isa = PBXFileReference; lastKnownFileType = text.plist.xml; path = Info.plist; sourceTree = "<group>"; };
		626CD76125A0454E0057180E /* main.m */ = {isa = PBXFileReference; lastKnownFileType = sourcecode.c.objc; path = main.m; sourceTree = "<group>"; };
		626CD76A25A045AD0057180E /* ECViewPagerView.h */ = {isa = PBXFileReference; lastKnownFileType = sourcecode.c.h; path = ECViewPagerView.h; sourceTree = "<group>"; };
		626CD76B25A045AD0057180E /* ECViewPagerView.m */ = {isa = PBXFileReference; lastKnownFileType = sourcecode.c.objc; path = ECViewPagerView.m; sourceTree = "<group>"; };
		62B472B725A05894003CD738 /* ContentViewController.h */ = {isa = PBXFileReference; lastKnownFileType = sourcecode.c.h; path = ContentViewController.h; sourceTree = "<group>"; };
		62B472B825A05894003CD738 /* ContentViewController.m */ = {isa = PBXFileReference; lastKnownFileType = sourcecode.c.objc; path = ContentViewController.m; sourceTree = "<group>"; };
		62B472B925A05894003CD738 /* ContentViewController.xib */ = {isa = PBXFileReference; lastKnownFileType = file.xib; path = ContentViewController.xib; sourceTree = "<group>"; };
/* End PBXFileReference section */

/* Begin PBXFrameworksBuildPhase section */
		626CD74925A0454B0057180E /* Frameworks */ = {
			isa = PBXFrameworksBuildPhase;
			buildActionMask = 2147483647;
			files = (
			);
			runOnlyForDeploymentPostprocessing = 0;
		};
/* End PBXFrameworksBuildPhase section */

/* Begin PBXGroup section */
		626CD74325A0454B0057180E = {
			isa = PBXGroup;
			children = (
				626CD74E25A0454B0057180E /* ViewPager */,
				626CD74D25A0454B0057180E /* Products */,
			);
			sourceTree = "<group>";
		};
		626CD74D25A0454B0057180E /* Products */ = {
			isa = PBXGroup;
			children = (
				626CD74C25A0454B0057180E /* ViewPager.app */,
			);
			name = Products;
			sourceTree = "<group>";
		};
		626CD74E25A0454B0057180E /* ViewPager */ = {
			isa = PBXGroup;
			children = (
				62B472B725A05894003CD738 /* ContentViewController.h */,
				62B472B825A05894003CD738 /* ContentViewController.m */,
				62B472B925A05894003CD738 /* ContentViewController.xib */,
				626CD76925A045850057180E /* ECViewPager */,
				626CD74F25A0454B0057180E /* AppDelegate.h */,
				626CD75025A0454B0057180E /* AppDelegate.m */,
				626CD75225A0454B0057180E /* SceneDelegate.h */,
				626CD75325A0454B0057180E /* SceneDelegate.m */,
				626CD75525A0454B0057180E /* ViewController.h */,
				626CD75625A0454B0057180E /* ViewController.m */,
				626CD75825A0454B0057180E /* Main.storyboard */,
				626CD75B25A0454E0057180E /* Assets.xcassets */,
				626CD75D25A0454E0057180E /* LaunchScreen.storyboard */,
				626CD76025A0454E0057180E /* Info.plist */,
				626CD76125A0454E0057180E /* main.m */,
			);
			path = ViewPager;
			sourceTree = "<group>";
		};
		626CD76925A045850057180E /* ECViewPager */ = {
			isa = PBXGroup;
			children = (
				626CD76A25A045AD0057180E /* ECViewPagerView.h */,
				626CD76B25A045AD0057180E /* ECViewPagerView.m */,
				626CD76F25A0502D0057180E /* ECIndicator */,
			);
			path = ECViewPager;
			sourceTree = "<group>";
		};
		626CD76F25A0502D0057180E /* ECIndicator */ = {
			isa = PBXGroup;
			children = (
				6243A0BC25A1663700F0C938 /* ECIndicator.h */,
				6243A0BD25A1663700F0C938 /* ECIndicator.m */,
				6243A0C025A1671E00F0C938 /* ECIndicatorCollectionViewCell.h */,
				6243A0C125A1671E00F0C938 /* ECIndicatorCollectionViewCell.m */,
				6243A0C225A1671E00F0C938 /* ECIndicatorCollectionViewCell.xib */,
			);
			path = ECIndicator;
			sourceTree = "<group>";
		};
/* End PBXGroup section */

/* Begin PBXNativeTarget section */
		626CD74B25A0454B0057180E /* ViewPager */ = {
			isa = PBXNativeTarget;
			buildConfigurationList = 626CD76525A0454E0057180E /* Build configuration list for PBXNativeTarget "ViewPager" */;
			buildPhases = (
				626CD74825A0454B0057180E /* Sources */,
				626CD74925A0454B0057180E /* Frameworks */,
				626CD74A25A0454B0057180E /* Resources */,
			);
			buildRules = (
			);
			dependencies = (
			);
			name = ViewPager;
			productName = ViewPager;
			productReference = 626CD74C25A0454B0057180E /* ViewPager.app */;
			productType = "com.apple.product-type.application";
		};
/* End PBXNativeTarget section */

/* Begin PBXProject section */
		626CD74425A0454B0057180E /* Project object */ = {
			isa = PBXProject;
			attributes = {
				LastUpgradeCheck = 1220;
				TargetAttributes = {
					626CD74B25A0454B0057180E = {
						CreatedOnToolsVersion = 12.2;
					};
				};
			};
			buildConfigurationList = 626CD74725A0454B0057180E /* Build configuration list for PBXProject "ViewPager" */;
			compatibilityVersion = "Xcode 9.3";
			developmentRegion = en;
			hasScannedForEncodings = 0;
			knownRegions = (
				en,
				Base,
			);
			mainGroup = 626CD74325A0454B0057180E;
			productRefGroup = 626CD74D25A0454B0057180E /* Products */;
			projectDirPath = "";
			projectRoot = "";
			targets = (
				626CD74B25A0454B0057180E /* ViewPager */,
			);
		};
/* End PBXProject section */

/* Begin PBXResourcesBuildPhase section */
		626CD74A25A0454B0057180E /* Resources */ = {
			isa = PBXResourcesBuildPhase;
			buildActionMask = 2147483647;
			files = (
				62B472BB25A05894003CD738 /* ContentViewController.xib in Resources */,
				626CD75F25A0454E0057180E /* LaunchScreen.storyboard in Resources */,
				626CD75C25A0454E0057180E /* Assets.xcassets in Resources */,
				6243A0C425A1671E00F0C938 /* ECIndicatorCollectionViewCell.xib in Resources */,
				626CD75A25A0454B0057180E /* Main.storyboard in Resources */,
			);
			runOnlyForDeploymentPostprocessing = 0;
		};
/* End PBXResourcesBuildPhase section */

/* Begin PBXSourcesBuildPhase section */
		626CD74825A0454B0057180E /* Sources */ = {
			isa = PBXSourcesBuildPhase;
			buildActionMask = 2147483647;
			files = (
				626CD76C25A045AD0057180E /* ECViewPagerView.m in Sources */,
				626CD75725A0454B0057180E /* ViewController.m in Sources */,
				62B472BA25A05894003CD738 /* ContentViewController.m in Sources */,
				626CD75125A0454B0057180E /* AppDelegate.m in Sources */,
				626CD76225A0454E0057180E /* main.m in Sources */,
				6243A0BE25A1663700F0C938 /* ECIndicator.m in Sources */,
				6243A0C325A1671E00F0C938 /* ECIndicatorCollectionViewCell.m in Sources */,
				626CD75425A0454B0057180E /* SceneDelegate.m in Sources */,
			);
			runOnlyForDeploymentPostprocessing = 0;
		};
/* End PBXSourcesBuildPhase section */

/* Begin PBXVariantGroup section */
		626CD75825A0454B0057180E /* Main.storyboard */ = {
			isa = PBXVariantGroup;
			children = (
				626CD75925A0454B0057180E /* Base */,
			);
			name = Main.storyboard;
			sourceTree = "<group>";
		};
		626CD75D25A0454E0057180E /* LaunchScreen.storyboard */ = {
			isa = PBXVariantGroup;
			children = (
				626CD75E25A0454E0057180E /* Base */,
			);
			name = LaunchScreen.storyboard;
			sourceTree = "<group>";
		};
/* End PBXVariantGroup section */

/* Begin XCBuildConfiguration section */
		626CD76325A0454E0057180E /* Debug */ = {
			isa = XCBuildConfiguration;
			buildSettings = {
				ALWAYS_SEARCH_USER_PATHS = NO;
				CLANG_ANALYZER_NONNULL = YES;
				CLANG_ANALYZER_NUMBER_OBJECT_CONVERSION = YES_AGGRESSIVE;
				CLANG_CXX_LANGUAGE_STANDARD = "gnu++14";
				CLANG_CXX_LIBRARY = "libc++";
				CLANG_ENABLE_MODULES = YES;
				CLANG_ENABLE_OBJC_ARC = YES;
				CLANG_ENABLE_OBJC_WEAK = YES;
				CLANG_WARN_BLOCK_CAPTURE_AUTORELEASING = YES;
				CLANG_WARN_BOOL_CONVERSION = YES;
				CLANG_WARN_COMMA = YES;
				CLANG_WARN_CONSTANT_CONVERSION = YES;
				CLANG_WARN_DEPRECATED_OBJC_IMPLEMENTATIONS = YES;
				CLANG_WARN_DIRECT_OBJC_ISA_USAGE = YES_ERROR;
				CLANG_WARN_DOCUMENTATION_COMMENTS = YES;
				CLANG_WARN_EMPTY_BODY = YES;
				CLANG_WARN_ENUM_CONVERSION = YES;
				CLANG_WARN_INFINITE_RECURSION = YES;
				CLANG_WARN_INT_CONVERSION = YES;
				CLANG_WARN_NON_LITERAL_NULL_CONVERSION = YES;
				CLANG_WARN_OBJC_IMPLICIT_RETAIN_SELF = YES;
				CLANG_WARN_OBJC_LITERAL_CONVERSION = YES;
				CLANG_WARN_OBJC_ROOT_CLASS = YES_ERROR;
				CLANG_WARN_QUOTED_INCLUDE_IN_FRAMEWORK_HEADER = YES;
				CLANG_WARN_RANGE_LOOP_ANALYSIS = YES;
				CLANG_WARN_STRICT_PROTOTYPES = YES;
				CLANG_WARN_SUSPICIOUS_MOVE = YES;
				CLANG_WARN_UNGUARDED_AVAILABILITY = YES_AGGRESSIVE;
				CLANG_WARN_UNREACHABLE_CODE = YES;
				CLANG_WARN__DUPLICATE_METHOD_MATCH = YES;
				COPY_PHASE_STRIP = NO;
				DEBUG_INFORMATION_FORMAT = dwarf;
				ENABLE_STRICT_OBJC_MSGSEND = YES;
				ENABLE_TESTABILITY = YES;
				GCC_C_LANGUAGE_STANDARD = gnu11;
				GCC_DYNAMIC_NO_PIC = NO;
				GCC_NO_COMMON_BLOCKS = YES;
				GCC_OPTIMIZATION_LEVEL = 0;
				GCC_PREPROCESSOR_DEFINITIONS = (
					"DEBUG=1",
					"$(inherited)",
				);
				GCC_WARN_64_TO_32_BIT_CONVERSION = YES;
				GCC_WARN_ABOUT_RETURN_TYPE = YES_ERROR;
				GCC_WARN_UNDECLARED_SELECTOR = YES;
				GCC_WARN_UNINITIALIZED_AUTOS = YES_AGGRESSIVE;
				GCC_WARN_UNUSED_FUNCTION = YES;
				GCC_WARN_UNUSED_VARIABLE = YES;
				IPHONEOS_DEPLOYMENT_TARGET = 14.2;
				MTL_ENABLE_DEBUG_INFO = INCLUDE_SOURCE;
				MTL_FAST_MATH = YES;
				ONLY_ACTIVE_ARCH = YES;
				SDKROOT = iphoneos;
			};
			name = Debug;
		};
		626CD76425A0454E0057180E /* Release */ = {
			isa = XCBuildConfiguration;
			buildSettings = {
				ALWAYS_SEARCH_USER_PATHS = NO;
				CLANG_ANALYZER_NONNULL = YES;
				CLANG_ANALYZER_NUMBER_OBJECT_CONVERSION = YES_AGGRESSIVE;
				CLANG_CXX_LANGUAGE_STANDARD = "gnu++14";
				CLANG_CXX_LIBRARY = "libc++";
				CLANG_ENABLE_MODULES = YES;
				CLANG_ENABLE_OBJC_ARC = YES;
				CLANG_ENABLE_OBJC_WEAK = YES;
				CLANG_WARN_BLOCK_CAPTURE_AUTORELEASING = YES;
				CLANG_WARN_BOOL_CONVERSION = YES;
				CLANG_WARN_COMMA = YES;
				CLANG_WARN_CONSTANT_CONVERSION = YES;
				CLANG_WARN_DEPRECATED_OBJC_IMPLEMENTATIONS = YES;
				CLANG_WARN_DIRECT_OBJC_ISA_USAGE = YES_ERROR;
				CLANG_WARN_DOCUMENTATION_COMMENTS = YES;
				CLANG_WARN_EMPTY_BODY = YES;
				CLANG_WARN_ENUM_CONVERSION = YES;
				CLANG_WARN_INFINITE_RECURSION = YES;
				CLANG_WARN_INT_CONVERSION = YES;
				CLANG_WARN_NON_LITERAL_NULL_CONVERSION = YES;
				CLANG_WARN_OBJC_IMPLICIT_RETAIN_SELF = YES;
				CLANG_WARN_OBJC_LITERAL_CONVERSION = YES;
				CLANG_WARN_OBJC_ROOT_CLASS = YES_ERROR;
				CLANG_WARN_QUOTED_INCLUDE_IN_FRAMEWORK_HEADER = YES;
				CLANG_WARN_RANGE_LOOP_ANALYSIS = YES;
				CLANG_WARN_STRICT_PROTOTYPES = YES;
				CLANG_WARN_SUSPICIOUS_MOVE = YES;
				CLANG_WARN_UNGUARDED_AVAILABILITY = YES_AGGRESSIVE;
				CLANG_WARN_UNREACHABLE_CODE = YES;
				CLANG_WARN__DUPLICATE_METHOD_MATCH = YES;
				COPY_PHASE_STRIP = NO;
				DEBUG_INFORMATION_FORMAT = "dwarf-with-dsym";
				ENABLE_NS_ASSERTIONS = NO;
				ENABLE_STRICT_OBJC_MSGSEND = YES;
				GCC_C_LANGUAGE_STANDARD = gnu11;
				GCC_NO_COMMON_BLOCKS = YES;
				GCC_WARN_64_TO_32_BIT_CONVERSION = YES;
				GCC_WARN_ABOUT_RETURN_TYPE = YES_ERROR;
				GCC_WARN_UNDECLARED_SELECTOR = YES;
				GCC_WARN_UNINITIALIZED_AUTOS = YES_AGGRESSIVE;
				GCC_WARN_UNUSED_FUNCTION = YES;
				GCC_WARN_UNUSED_VARIABLE = YES;
				IPHONEOS_DEPLOYMENT_TARGET = 14.2;
				MTL_ENABLE_DEBUG_INFO = NO;
				MTL_FAST_MATH = YES;
				SDKROOT = iphoneos;
				VALIDATE_PRODUCT = YES;
			};
			name = Release;
		};
		626CD76625A0454E0057180E /* Debug */ = {
			isa = XCBuildConfiguration;
			buildSettings = {
				ASSETCATALOG_COMPILER_APPICON_NAME = AppIcon;
				ASSETCATALOG_COMPILER_GLOBAL_ACCENT_COLOR_NAME = AccentColor;
				CODE_SIGN_STYLE = Automatic;
				INFOPLIST_FILE = ViewPager/Info.plist;
				LD_RUNPATH_SEARCH_PATHS = (
					"$(inherited)",
					"@executable_path/Frameworks",
				);
				PRODUCT_BUNDLE_IDENTIFIER = com.viewPager.ViewPager;
				PRODUCT_NAME = "$(TARGET_NAME)";
				TARGETED_DEVICE_FAMILY = "1,2";
			};
			name = Debug;
		};
		626CD76725A0454E0057180E /* Release */ = {
			isa = XCBuildConfiguration;
			buildSettings = {
				ASSETCATALOG_COMPILER_APPICON_NAME = AppIcon;
				ASSETCATALOG_COMPILER_GLOBAL_ACCENT_COLOR_NAME = AccentColor;
				CODE_SIGN_STYLE = Automatic;
				INFOPLIST_FILE = ViewPager/Info.plist;
				LD_RUNPATH_SEARCH_PATHS = (
					"$(inherited)",
					"@executable_path/Frameworks",
				);
				PRODUCT_BUNDLE_IDENTIFIER = com.viewPager.ViewPager;
				PRODUCT_NAME = "$(TARGET_NAME)";
				TARGETED_DEVICE_FAMILY = "1,2";
			};
			name = Release;
		};
/* End XCBuildConfiguration section */

/* Begin XCConfigurationList section */
		626CD74725A0454B0057180E /* Build configuration list for PBXProject "ViewPager" */ = {
			isa = XCConfigurationList;
			buildConfigurations = (
				626CD76325A0454E0057180E /* Debug */,
				626CD76425A0454E0057180E /* Release */,
			);
			defaultConfigurationIsVisible = 0;
			defaultConfigurationName = Release;
		};
		626CD76525A0454E0057180E /* Build configuration list for PBXNativeTarget "ViewPager" */ = {
			isa = XCConfigurationList;
			buildConfigurations = (
				626CD76625A0454E0057180E /* Debug */,
				626CD76725A0454E0057180E /* Release */,
			);
			defaultConfigurationIsVisible = 0;
			defaultConfigurationName = Release;
		};
/* End XCConfigurationList section */
	};
	rootObject = 626CD74425A0454B0057180E /* Project object */;
}
